
Microsoft Visual Studio Solution File, Format Version 12.00
# Visual Studio Version 17
VisualStudioVersion = 17.1.32407.343
MinimumVisualStudioVersion = 10.0.40219.1
Project("{FAE04EC0-301F-11D3-BF4B-00C04F79EFBC}") = "ASPNETAPI_6_EXAMPLE_STARTUP", "WebApplication1\ASPNETAPI_6_EXAMPLE_STARTUP.csproj", "{69486A58-DD55-4766-87A2-F81698CBBFC4}"
EndProject
Global
	GlobalSection(SolutionConfigurationPlatforms) = preSolution
		Debug|Any CPU = Debug|Any CPU
		Release|Any CPU = Release|Any CPU
	EndGlobalSection
	GlobalSection(ProjectConfigurationPlatforms) = postSolution
		{69486A58-DD55-4766-87A2-F81698CBBFC4}.Debug|Any CPU.ActiveCfg = Debug|Any CPU
		{69486A58-DD55-4766-87A2-F81698CBBFC4}.Debug|Any CPU.Build.0 = Debug|Any CPU
		{69486A58-DD55-4766-87A2-F81698CBBFC4}.Release|Any CPU.ActiveCfg = Release|Any CPU
		{69486A58-DD55-4766-87A2-F81698CBBFC4}.Release|Any CPU.Build.0 = Release|Any CPU
	EndGlobalSection
	GlobalSection(SolutionProperties) = preSolution
		HideSolutionNode = FALSE
	EndGlobalSection
	GlobalSection(ExtensibilityGlobals) = postSolution
		SolutionGuid = {AA96267F-A22A-457D-9E5B-51FAED04C497}
	EndGlobalSection
EndGlobal
